
Microsoft Visual Studio Solution File, Format Version 12.00
# Visual Studio 15
VisualStudioVersion = 15.0.26430.12
MinimumVisualStudioVersion = 10.0.40219.1
Project("{2150E333-8FDC-42A3-9474-1A3956D46DE8}") = "Presentation", "Presentation", "{1F3B3178-51C8-474B-AAFC-CBDFA58978FD}"
EndProject
Project("{2150E333-8FDC-42A3-9474-1A3956D46DE8}") = "Domain", "Domain", "{06D85BBF-C445-4681-9633-83E4F09A7BF8}"
EndProject
Project("{2150E333-8FDC-42A3-9474-1A3956D46DE8}") = "Infra", "Infra", "{68B8C5AB-B9AE-4D02-A98A-7BCEF2888569}"
EndProject
Project("{2150E333-8FDC-42A3-9474-1A3956D46DE8}") = "Data", "Data", "{77FAB08E-D265-489E-8B96-BBB8FD6CA414}"
EndProject
Project("{2150E333-8FDC-42A3-9474-1A3956D46DE8}") = "Cross", "Cross", "{AF4F4E2B-C443-4A72-AD6B-68B288374F18}"
EndProject
Project("{FAE04EC0-301F-11D3-BF4B-00C04F79EFBC}") = "POS.Web", "POS.Web\POS.Web.csproj", "{E657CA90-A92F-4960-BD00-8C67D73A036D}"
EndProject
Project("{FAE04EC0-301F-11D3-BF4B-00C04F79EFBC}") = "POS.Domain", "POS.Domain\POS.Domain.csproj", "{62087456-B00A-4DCA-8300-9A2D6EB0CE80}"
EndProject
Project("{FAE04EC0-301F-11D3-BF4B-00C04F79EFBC}") = "POS.Infra.Data", "POS.Infra.Data\POS.Infra.Data.csproj", "{7496C9BD-CCDC-452C-BC17-576695B9E587}"
EndProject
Project("{2150E333-8FDC-42A3-9474-1A3956D46DE8}") = "DTO", "DTO", "{1C687A5E-E617-4ED6-B348-A3D186293E5F}"
EndProject
Project("{2150E333-8FDC-42A3-9474-1A3956D46DE8}") = "IoC", "IoC", "{81710207-8C9A-4EDE-A835-CB14C842972D}"
EndProject
Project("{FAE04EC0-301F-11D3-BF4B-00C04F79EFBC}") = "POS.Infra.Cross.IoC", "POS.Infra.Cross.IoC\POS.Infra.Cross.IoC.csproj", "{2E3689AB-52E1-47C4-953D-8D4823289016}"
EndProject
Project("{FAE04EC0-301F-11D3-BF4B-00C04F79EFBC}") = "POS.Infra.Cross.DTO", "POS.Infra.Cross.DTO\POS.Infra.Cross.DTO.csproj", "{5E0B7902-BED1-4DE1-A63D-68C1B432BDC5}"
EndProject
Project("{2150E333-8FDC-42A3-9474-1A3956D46DE8}") = "AutoMapper", "AutoMapper", "{E88722C9-124B-4131-93FB-A9C97AFB83EC}"
EndProject
Project("{FAE04EC0-301F-11D3-BF4B-00C04F79EFBC}") = "POS.Infra.Cross.AutoMapper", "POS.Infra.Cross.AutoMapper\POS.Infra.Cross.AutoMapper.csproj", "{D490D4A7-06AF-40C0-9CBE-B1338A583E32}"
EndProject
Global
	GlobalSection(SolutionConfigurationPlatforms) = preSolution
		Debug|Any CPU = Debug|Any CPU
		PROD|Any CPU = PROD|Any CPU
		Release|Any CPU = Release|Any CPU
		STG|Any CPU = STG|Any CPU
	EndGlobalSection
	GlobalSection(ProjectConfigurationPlatforms) = postSolution
		{E657CA90-A92F-4960-BD00-8C67D73A036D}.Debug|Any CPU.ActiveCfg = Debug|Any CPU
		{E657CA90-A92F-4960-BD00-8C67D73A036D}.Debug|Any CPU.Build.0 = Debug|Any CPU
		{E657CA90-A92F-4960-BD00-8C67D73A036D}.PROD|Any CPU.ActiveCfg = PROD|Any CPU
		{E657CA90-A92F-4960-BD00-8C67D73A036D}.PROD|Any CPU.Build.0 = PROD|Any CPU
		{E657CA90-A92F-4960-BD00-8C67D73A036D}.Release|Any CPU.ActiveCfg = Release|Any CPU
		{E657CA90-A92F-4960-BD00-8C67D73A036D}.Release|Any CPU.Build.0 = Release|Any CPU
		{E657CA90-A92F-4960-BD00-8C67D73A036D}.STG|Any CPU.ActiveCfg = STG|Any CPU
		{E657CA90-A92F-4960-BD00-8C67D73A036D}.STG|Any CPU.Build.0 = STG|Any CPU
		{62087456-B00A-4DCA-8300-9A2D6EB0CE80}.Debug|Any CPU.ActiveCfg = Debug|Any CPU
		{62087456-B00A-4DCA-8300-9A2D6EB0CE80}.Debug|Any CPU.Build.0 = Debug|Any CPU
		{62087456-B00A-4DCA-8300-9A2D6EB0CE80}.PROD|Any CPU.ActiveCfg = PROD|Any CPU
		{62087456-B00A-4DCA-8300-9A2D6EB0CE80}.PROD|Any CPU.Build.0 = PROD|Any CPU
		{62087456-B00A-4DCA-8300-9A2D6EB0CE80}.Release|Any CPU.ActiveCfg = Release|Any CPU
		{62087456-B00A-4DCA-8300-9A2D6EB0CE80}.Release|Any CPU.Build.0 = Release|Any CPU
		{62087456-B00A-4DCA-8300-9A2D6EB0CE80}.STG|Any CPU.ActiveCfg = STG|Any CPU
		{62087456-B00A-4DCA-8300-9A2D6EB0CE80}.STG|Any CPU.Build.0 = STG|Any CPU
		{7496C9BD-CCDC-452C-BC17-576695B9E587}.Debug|Any CPU.ActiveCfg = Debug|Any CPU
		{7496C9BD-CCDC-452C-BC17-576695B9E587}.Debug|Any CPU.Build.0 = Debug|Any CPU
		{7496C9BD-CCDC-452C-BC17-576695B9E587}.PROD|Any CPU.ActiveCfg = PROD|Any CPU
		{7496C9BD-CCDC-452C-BC17-576695B9E587}.PROD|Any CPU.Build.0 = PROD|Any CPU
		{7496C9BD-CCDC-452C-BC17-576695B9E587}.Release|Any CPU.ActiveCfg = Release|Any CPU
		{7496C9BD-CCDC-452C-BC17-576695B9E587}.Release|Any CPU.Build.0 = Release|Any CPU
		{7496C9BD-CCDC-452C-BC17-576695B9E587}.STG|Any CPU.ActiveCfg = STG|Any CPU
		{7496C9BD-CCDC-452C-BC17-576695B9E587}.STG|Any CPU.Build.0 = STG|Any CPU
		{2E3689AB-52E1-47C4-953D-8D4823289016}.Debug|Any CPU.ActiveCfg = Debug|Any CPU
		{2E3689AB-52E1-47C4-953D-8D4823289016}.Debug|Any CPU.Build.0 = Debug|Any CPU
		{2E3689AB-52E1-47C4-953D-8D4823289016}.PROD|Any CPU.ActiveCfg = PROD|Any CPU
		{2E3689AB-52E1-47C4-953D-8D4823289016}.PROD|Any CPU.Build.0 = PROD|Any CPU
		{2E3689AB-52E1-47C4-953D-8D4823289016}.Release|Any CPU.ActiveCfg = Release|Any CPU
		{2E3689AB-52E1-47C4-953D-8D4823289016}.Release|Any CPU.Build.0 = Release|Any CPU
		{2E3689AB-52E1-47C4-953D-8D4823289016}.STG|Any CPU.ActiveCfg = STG|Any CPU
		{2E3689AB-52E1-47C4-953D-8D4823289016}.STG|Any CPU.Build.0 = STG|Any CPU
		{5E0B7902-BED1-4DE1-A63D-68C1B432BDC5}.Debug|Any CPU.ActiveCfg = Debug|Any CPU
		{5E0B7902-BED1-4DE1-A63D-68C1B432BDC5}.Debug|Any CPU.Build.0 = Debug|Any CPU
		{5E0B7902-BED1-4DE1-A63D-68C1B432BDC5}.PROD|Any CPU.ActiveCfg = PROD|Any CPU
		{5E0B7902-BED1-4DE1-A63D-68C1B432BDC5}.PROD|Any CPU.Build.0 = PROD|Any CPU
		{5E0B7902-BED1-4DE1-A63D-68C1B432BDC5}.Release|Any CPU.ActiveCfg = Release|Any CPU
		{5E0B7902-BED1-4DE1-A63D-68C1B432BDC5}.Release|Any CPU.Build.0 = Release|Any CPU
		{5E0B7902-BED1-4DE1-A63D-68C1B432BDC5}.STG|Any CPU.ActiveCfg = STG|Any CPU
		{5E0B7902-BED1-4DE1-A63D-68C1B432BDC5}.STG|Any CPU.Build.0 = STG|Any CPU
		{D490D4A7-06AF-40C0-9CBE-B1338A583E32}.Debug|Any CPU.ActiveCfg = Debug|Any CPU
		{D490D4A7-06AF-40C0-9CBE-B1338A583E32}.Debug|Any CPU.Build.0 = Debug|Any CPU
		{D490D4A7-06AF-40C0-9CBE-B1338A583E32}.PROD|Any CPU.ActiveCfg = PROD|Any CPU
		{D490D4A7-06AF-40C0-9CBE-B1338A583E32}.PROD|Any CPU.Build.0 = PROD|Any CPU
		{D490D4A7-06AF-40C0-9CBE-B1338A583E32}.Release|Any CPU.ActiveCfg = Release|Any CPU
		{D490D4A7-06AF-40C0-9CBE-B1338A583E32}.Release|Any CPU.Build.0 = Release|Any CPU
		{D490D4A7-06AF-40C0-9CBE-B1338A583E32}.STG|Any CPU.ActiveCfg = STG|Any CPU
		{D490D4A7-06AF-40C0-9CBE-B1338A583E32}.STG|Any CPU.Build.0 = STG|Any CPU
	EndGlobalSection
	GlobalSection(SolutionProperties) = preSolution
		HideSolutionNode = FALSE
	EndGlobalSection
	GlobalSection(NestedProjects) = preSolution
		{77FAB08E-D265-489E-8B96-BBB8FD6CA414} = {68B8C5AB-B9AE-4D02-A98A-7BCEF2888569}
		{AF4F4E2B-C443-4A72-AD6B-68B288374F18} = {68B8C5AB-B9AE-4D02-A98A-7BCEF2888569}
		{E657CA90-A92F-4960-BD00-8C67D73A036D} = {1F3B3178-51C8-474B-AAFC-CBDFA58978FD}
		{62087456-B00A-4DCA-8300-9A2D6EB0CE80} = {06D85BBF-C445-4681-9633-83E4F09A7BF8}
		{7496C9BD-CCDC-452C-BC17-576695B9E587} = {77FAB08E-D265-489E-8B96-BBB8FD6CA414}
		{1C687A5E-E617-4ED6-B348-A3D186293E5F} = {AF4F4E2B-C443-4A72-AD6B-68B288374F18}
		{81710207-8C9A-4EDE-A835-CB14C842972D} = {AF4F4E2B-C443-4A72-AD6B-68B288374F18}
		{2E3689AB-52E1-47C4-953D-8D4823289016} = {81710207-8C9A-4EDE-A835-CB14C842972D}
		{5E0B7902-BED1-4DE1-A63D-68C1B432BDC5} = {1C687A5E-E617-4ED6-B348-A3D186293E5F}
		{E88722C9-124B-4131-93FB-A9C97AFB83EC} = {AF4F4E2B-C443-4A72-AD6B-68B288374F18}
		{D490D4A7-06AF-40C0-9CBE-B1338A583E32} = {E88722C9-124B-4131-93FB-A9C97AFB83EC}
	EndGlobalSection
EndGlobal
